
Microsoft Visual Studio Solution File, Format Version 12.00
# Visual Studio Version 16
VisualStudioVersion = 16.0.34407.143
MinimumVisualStudioVersion = 10.0.40219.1
Project("{FAE04EC0-301F-11D3-BF4B-00C04F79EFBC}") = "Employee_Details", "Employee_Details\Employee_Details.csproj", "{8BE8028D-2F2F-4981-AA14-37D96FE2E186}"
EndProject
Global
	GlobalSection(SolutionConfigurationPlatforms) = preSolution
		Debug|Any CPU = Debug|Any CPU
		Release|Any CPU = Release|Any CPU
	EndGlobalSection
	GlobalSection(ProjectConfigurationPlatforms) = postSolution
		{8BE8028D-2F2F-4981-AA14-37D96FE2E186}.Debug|Any CPU.ActiveCfg = Debug|Any CPU
		{8BE8028D-2F2F-4981-AA14-37D96FE2E186}.Debug|Any CPU.Build.0 = Debug|Any CPU
		{8BE8028D-2F2F-4981-AA14-37D96FE2E186}.Release|Any CPU.ActiveCfg = Release|Any CPU
		{8BE8028D-2F2F-4981-AA14-37D96FE2E186}.Release|Any CPU.Build.0 = Release|Any CPU
	EndGlobalSection
	GlobalSection(SolutionProperties) = preSolution
		HideSolutionNode = FALSE
	EndGlobalSection
	GlobalSection(ExtensibilityGlobals) = postSolution
		SolutionGuid = {618D2660-B6D0-4621-8AC7-496769540591}
	EndGlobalSection
EndGlobal
