
Microsoft Visual Studio Solution File, Format Version 12.00
# Visual Studio Version 16
VisualStudioVersion = 16.0.34407.143
MinimumVisualStudioVersion = 10.0.40219.1
Project("{FAE04EC0-301F-11D3-BF4B-00C04F79EFBC}") = "Subtraction_Of_Two_Numbers", "Subtraction_Of_Two_Numbers\Subtraction_Of_Two_Numbers.csproj", "{6855682E-97A7-44AD-A585-658768D28121}"
EndProject
Global
	GlobalSection(SolutionConfigurationPlatforms) = preSolution
		Debug|Any CPU = Debug|Any CPU
		Release|Any CPU = Release|Any CPU
	EndGlobalSection
	GlobalSection(ProjectConfigurationPlatforms) = postSolution
		{6855682E-97A7-44AD-A585-658768D28121}.Debug|Any CPU.ActiveCfg = Debug|Any CPU
		{6855682E-97A7-44AD-A585-658768D28121}.Debug|Any CPU.Build.0 = Debug|Any CPU
		{6855682E-97A7-44AD-A585-658768D28121}.Release|Any CPU.ActiveCfg = Release|Any CPU
		{6855682E-97A7-44AD-A585-658768D28121}.Release|Any CPU.Build.0 = Release|Any CPU
	EndGlobalSection
	GlobalSection(SolutionProperties) = preSolution
		HideSolutionNode = FALSE
	EndGlobalSection
	GlobalSection(ExtensibilityGlobals) = postSolution
		SolutionGuid = {8A5CD9E8-FCB3-4730-A55F-27AE0769FC71}
	EndGlobalSection
EndGlobal
