
Microsoft Visual Studio Solution File, Format Version 12.00
# Visual Studio Version 16
VisualStudioVersion = 16.0.34407.143
MinimumVisualStudioVersion = 10.0.40219.1
Project("{FAE04EC0-301F-11D3-BF4B-00C04F79EFBC}") = "Program_To_Check_Student_Is_Pass_Or_Fail", "Program_To_Check_Student_Is_Pass_Or_Fail\Program_To_Check_Student_Is_Pass_Or_Fail.csproj", "{755644D4-F2D3-4D81-A448-09D9C3EFB7A6}"
EndProject
Global
	GlobalSection(SolutionConfigurationPlatforms) = preSolution
		Debug|Any CPU = Debug|Any CPU
		Release|Any CPU = Release|Any CPU
	EndGlobalSection
	GlobalSection(ProjectConfigurationPlatforms) = postSolution
		{755644D4-F2D3-4D81-A448-09D9C3EFB7A6}.Debug|Any CPU.ActiveCfg = Debug|Any CPU
		{755644D4-F2D3-4D81-A448-09D9C3EFB7A6}.Debug|Any CPU.Build.0 = Debug|Any CPU
		{755644D4-F2D3-4D81-A448-09D9C3EFB7A6}.Release|Any CPU.ActiveCfg = Release|Any CPU
		{755644D4-F2D3-4D81-A448-09D9C3EFB7A6}.Release|Any CPU.Build.0 = Release|Any CPU
	EndGlobalSection
	GlobalSection(SolutionProperties) = preSolution
		HideSolutionNode = FALSE
	EndGlobalSection
	GlobalSection(ExtensibilityGlobals) = postSolution
		SolutionGuid = {0BA9340F-42AF-4D8D-BC5F-7329C4295209}
	EndGlobalSection
EndGlobal
