
Microsoft Visual Studio Solution File, Format Version 12.00
# Visual Studio Version 16
VisualStudioVersion = 16.0.35425.106
MinimumVisualStudioVersion = 10.0.40219.1
Project("{FAE04EC0-301F-11D3-BF4B-00C04F79EFBC}") = "Check_Prime_Number_Using_Loop", "Check_Prime_Number_Using_Loop.csproj", "{801DDFBA-93FF-4BE0-98B4-E83BD9FBF597}"
EndProject
Global
	GlobalSection(SolutionConfigurationPlatforms) = preSolution
		Debug|Any CPU = Debug|Any CPU
		Release|Any CPU = Release|Any CPU
	EndGlobalSection
	GlobalSection(ProjectConfigurationPlatforms) = postSolution
		{801DDFBA-93FF-4BE0-98B4-E83BD9FBF597}.Debug|Any CPU.ActiveCfg = Debug|Any CPU
		{801DDFBA-93FF-4BE0-98B4-E83BD9FBF597}.Debug|Any CPU.Build.0 = Debug|Any CPU
		{801DDFBA-93FF-4BE0-98B4-E83BD9FBF597}.Release|Any CPU.ActiveCfg = Release|Any CPU
		{801DDFBA-93FF-4BE0-98B4-E83BD9FBF597}.Release|Any CPU.Build.0 = Release|Any CPU
	EndGlobalSection
	GlobalSection(SolutionProperties) = preSolution
		HideSolutionNode = FALSE
	EndGlobalSection
	GlobalSection(ExtensibilityGlobals) = postSolution
		SolutionGuid = {5F206AC1-FB77-4C20-B262-77DDD6B2BED6}
	EndGlobalSection
EndGlobal
