
Microsoft Visual Studio Solution File, Format Version 12.00
# Visual Studio Version 16
VisualStudioVersion = 16.0.36324.18
MinimumVisualStudioVersion = 10.0.40219.1
Project("{FAE04EC0-301F-11D3-BF4B-00C04F79EFBC}") = "Program", "Program\Program.csproj", "{B36298EA-5B9F-4670-8A0A-EBE0F43A604D}"
EndProject
Global
	GlobalSection(SolutionConfigurationPlatforms) = preSolution
		Debug|Any CPU = Debug|Any CPU
		Release|Any CPU = Release|Any CPU
	EndGlobalSection
	GlobalSection(ProjectConfigurationPlatforms) = postSolution
		{B36298EA-5B9F-4670-8A0A-EBE0F43A604D}.Debug|Any CPU.ActiveCfg = Debug|Any CPU
		{B36298EA-5B9F-4670-8A0A-EBE0F43A604D}.Debug|Any CPU.Build.0 = Debug|Any CPU
		{B36298EA-5B9F-4670-8A0A-EBE0F43A604D}.Release|Any CPU.ActiveCfg = Release|Any CPU
		{B36298EA-5B9F-4670-8A0A-EBE0F43A604D}.Release|Any CPU.Build.0 = Release|Any CPU
	EndGlobalSection
	GlobalSection(SolutionProperties) = preSolution
		HideSolutionNode = FALSE
	EndGlobalSection
	GlobalSection(ExtensibilityGlobals) = postSolution
		SolutionGuid = {F484A72B-49D6-442F-881D-113B7C4237F4}
	EndGlobalSection
EndGlobal
