
Microsoft Visual Studio Solution File, Format Version 12.00
# Visual Studio Version 16
VisualStudioVersion = 16.0.36324.18
MinimumVisualStudioVersion = 10.0.40219.1
Project("{FAE04EC0-301F-11D3-BF4B-00C04F79EFBC}") = "Program2", "Program2\Program2.csproj", "{370CCCF5-EC06-4E97-B902-86D48599CB53}"
EndProject
Global
	GlobalSection(SolutionConfigurationPlatforms) = preSolution
		Debug|Any CPU = Debug|Any CPU
		Release|Any CPU = Release|Any CPU
	EndGlobalSection
	GlobalSection(ProjectConfigurationPlatforms) = postSolution
		{370CCCF5-EC06-4E97-B902-86D48599CB53}.Debug|Any CPU.ActiveCfg = Debug|Any CPU
		{370CCCF5-EC06-4E97-B902-86D48599CB53}.Debug|Any CPU.Build.0 = Debug|Any CPU
		{370CCCF5-EC06-4E97-B902-86D48599CB53}.Release|Any CPU.ActiveCfg = Release|Any CPU
		{370CCCF5-EC06-4E97-B902-86D48599CB53}.Release|Any CPU.Build.0 = Release|Any CPU
	EndGlobalSection
	GlobalSection(SolutionProperties) = preSolution
		HideSolutionNode = FALSE
	EndGlobalSection
	GlobalSection(ExtensibilityGlobals) = postSolution
		SolutionGuid = {8C21E1AD-9929-44D7-A135-C4BAC50CF01B}
	EndGlobalSection
EndGlobal
