
Microsoft Visual Studio Solution File, Format Version 12.00
# Visual Studio Version 16
VisualStudioVersion = 16.0.34407.143
MinimumVisualStudioVersion = 10.0.40219.1
Project("{FAE04EC0-301F-11D3-BF4B-00C04F79EFBC}") = "While_Loop", "While_Loop\While_Loop.csproj", "{9AC45CD8-48A9-4D88-A5C2-C42CE6251585}"
EndProject
Global
	GlobalSection(SolutionConfigurationPlatforms) = preSolution
		Debug|Any CPU = Debug|Any CPU
		Release|Any CPU = Release|Any CPU
	EndGlobalSection
	GlobalSection(ProjectConfigurationPlatforms) = postSolution
		{9AC45CD8-48A9-4D88-A5C2-C42CE6251585}.Debug|Any CPU.ActiveCfg = Debug|Any CPU
		{9AC45CD8-48A9-4D88-A5C2-C42CE6251585}.Debug|Any CPU.Build.0 = Debug|Any CPU
		{9AC45CD8-48A9-4D88-A5C2-C42CE6251585}.Release|Any CPU.ActiveCfg = Release|Any CPU
		{9AC45CD8-48A9-4D88-A5C2-C42CE6251585}.Release|Any CPU.Build.0 = Release|Any CPU
	EndGlobalSection
	GlobalSection(SolutionProperties) = preSolution
		HideSolutionNode = FALSE
	EndGlobalSection
	GlobalSection(ExtensibilityGlobals) = postSolution
		SolutionGuid = {70402574-D848-47EE-983E-30109273363E}
	EndGlobalSection
EndGlobal
