
Microsoft Visual Studio Solution File, Format Version 12.00
# Visual Studio Version 16
VisualStudioVersion = 16.0.34407.143
MinimumVisualStudioVersion = 10.0.40219.1
Project("{FAE04EC0-301F-11D3-BF4B-00C04F79EFBC}") = "Multiplication_of_two_numbers", "Multiplication_of_two_numbers\Multiplication_of_two_numbers.csproj", "{7B30C44F-A372-4276-B8A9-916AA3EFF89F}"
EndProject
Global
	GlobalSection(SolutionConfigurationPlatforms) = preSolution
		Debug|Any CPU = Debug|Any CPU
		Release|Any CPU = Release|Any CPU
	EndGlobalSection
	GlobalSection(ProjectConfigurationPlatforms) = postSolution
		{7B30C44F-A372-4276-B8A9-916AA3EFF89F}.Debug|Any CPU.ActiveCfg = Debug|Any CPU
		{7B30C44F-A372-4276-B8A9-916AA3EFF89F}.Debug|Any CPU.Build.0 = Debug|Any CPU
		{7B30C44F-A372-4276-B8A9-916AA3EFF89F}.Release|Any CPU.ActiveCfg = Release|Any CPU
		{7B30C44F-A372-4276-B8A9-916AA3EFF89F}.Release|Any CPU.Build.0 = Release|Any CPU
	EndGlobalSection
	GlobalSection(SolutionProperties) = preSolution
		HideSolutionNode = FALSE
	EndGlobalSection
	GlobalSection(ExtensibilityGlobals) = postSolution
		SolutionGuid = {EC153C7A-7496-4DDE-B693-3C4A0941FFAD}
	EndGlobalSection
EndGlobal
