
Microsoft Visual Studio Solution File, Format Version 12.00
# Visual Studio Version 16
VisualStudioVersion = 16.0.34407.143
MinimumVisualStudioVersion = 10.0.40219.1
Project("{FAE04EC0-301F-11D3-BF4B-00C04F79EFBC}") = "Fork_Addmission_App", "Fork_Addmission_App\Fork_Addmission_App.csproj", "{3E023824-6E09-4083-BB22-EF08DE99E4CB}"
EndProject
Global
	GlobalSection(SolutionConfigurationPlatforms) = preSolution
		Debug|Any CPU = Debug|Any CPU
		Release|Any CPU = Release|Any CPU
	EndGlobalSection
	GlobalSection(ProjectConfigurationPlatforms) = postSolution
		{3E023824-6E09-4083-BB22-EF08DE99E4CB}.Debug|Any CPU.ActiveCfg = Debug|Any CPU
		{3E023824-6E09-4083-BB22-EF08DE99E4CB}.Debug|Any CPU.Build.0 = Debug|Any CPU
		{3E023824-6E09-4083-BB22-EF08DE99E4CB}.Release|Any CPU.ActiveCfg = Release|Any CPU
		{3E023824-6E09-4083-BB22-EF08DE99E4CB}.Release|Any CPU.Build.0 = Release|Any CPU
	EndGlobalSection
	GlobalSection(SolutionProperties) = preSolution
		HideSolutionNode = FALSE
	EndGlobalSection
	GlobalSection(ExtensibilityGlobals) = postSolution
		SolutionGuid = {0F3F0955-19B9-493A-AF4F-8DF3025F25C4}
	EndGlobalSection
EndGlobal
