
Microsoft Visual Studio Solution File, Format Version 12.00
# Visual Studio Version 16
VisualStudioVersion = 16.0.34407.143
MinimumVisualStudioVersion = 10.0.40219.1
Project("{FAE04EC0-301F-11D3-BF4B-00C04F79EFBC}") = "Employee_General_Details", "Employee_General_Details\Employee_General_Details.csproj", "{E27B5E5F-001D-4E27-AC7A-216D1806A9CB}"
EndProject
Global
	GlobalSection(SolutionConfigurationPlatforms) = preSolution
		Debug|Any CPU = Debug|Any CPU
		Release|Any CPU = Release|Any CPU
	EndGlobalSection
	GlobalSection(ProjectConfigurationPlatforms) = postSolution
		{E27B5E5F-001D-4E27-AC7A-216D1806A9CB}.Debug|Any CPU.ActiveCfg = Debug|Any CPU
		{E27B5E5F-001D-4E27-AC7A-216D1806A9CB}.Debug|Any CPU.Build.0 = Debug|Any CPU
		{E27B5E5F-001D-4E27-AC7A-216D1806A9CB}.Release|Any CPU.ActiveCfg = Release|Any CPU
		{E27B5E5F-001D-4E27-AC7A-216D1806A9CB}.Release|Any CPU.Build.0 = Release|Any CPU
	EndGlobalSection
	GlobalSection(SolutionProperties) = preSolution
		HideSolutionNode = FALSE
	EndGlobalSection
	GlobalSection(ExtensibilityGlobals) = postSolution
		SolutionGuid = {14E11BA8-D4AF-4A77-B8CD-A99A3A633F1A}
	EndGlobalSection
EndGlobal
